// !$*UTF8*$!
{
	archiveVersion = 1;
	classes = {
	};
	objectVersion = 56;
	objects = {

/* Begin PBXBuildFile section */
		30FB52022A3BC29F0064D7FD /* BikeMapApp.swift in Sources */ = {isa = PBXBuildFile; fileRef = 30FB52012A3BC29F0064D7FD /* BikeMapApp.swift */; };
		30FB52042A3BC29F0064D7FD /* ContentView.swift in Sources */ = {isa = PBXBuildFile; fileRef = 30FB52032A3BC29F0064D7FD /* ContentView.swift */; };
		30FB52062A3BC2A00064D7FD /* Assets.xcassets in Resources */ = {isa = PBXBuildFile; fileRef = 30FB52052A3BC2A00064D7FD /* Assets.xcassets */; };
		30FB52092A3BC2A00064D7FD /* Preview Assets.xcassets in Resources */ = {isa = PBXBuildFile; fileRef = 30FB52082A3BC2A00064D7FD /* Preview Assets.xcassets */; };
		30FB52132A3BC2A00064D7FD /* BikeMapTests.swift in Sources */ = {isa = PBXBuildFile; fileRef = 30FB52122A3BC2A00064D7FD /* BikeMapTests.swift */; };
		30FB521D2A3BC2A00064D7FD /* BikeMapUITests.swift in Sources */ = {isa = PBXBuildFile; fileRef = 30FB521C2A3BC2A00064D7FD /* BikeMapUITests.swift */; };
		30FB521F2A3BC2A00064D7FD /* BikeMapUITestsLaunchTests.swift in Sources */ = {isa = PBXBuildFile; fileRef = 30FB521E2A3BC2A00064D7FD /* BikeMapUITestsLaunchTests.swift */; };
/* End PBXBuildFile section */

/* Begin PBXContainerItemProxy section */
		30FB520F2A3BC2A00064D7FD /* PBXContainerItemProxy */ = {
			isa = PBXContainerItemProxy;
			containerPortal = 30FB51F62A3BC29F0064D7FD /* Project object */;
			proxyType = 1;
			remoteGlobalIDString = 30FB51FD2A3BC29F0064D7FD;
			remoteInfo = BikeMap;
		};
		30FB52192A3BC2A00064D7FD /* PBXContainerItemProxy */ = {
			isa = PBXContainerItemProxy;
			containerPortal = 30FB51F62A3BC29F0064D7FD /* Project object */;
			proxyType = 1;
			remoteGlobalIDString = 30FB51FD2A3BC29F0064D7FD;
			remoteInfo = BikeMap;
		};
/* End PBXContainerItemProxy section */

/* Begin PBXFileReference section */
		30FB51FE2A3BC29F0064D7FD /* BikeMap.app */ = {isa = PBXFileReference; explicitFileType = wrapper.application; includeInIndex = 0; path = BikeMap.app; sourceTree = BUILT_PRODUCTS_DIR; };
		30FB52012A3BC29F0064D7FD /* BikeMapApp.swift */ = {isa = PBXFileReference; lastKnownFileType = sourcecode.swift; path = BikeMapApp.swift; sourceTree = "<group>"; };
		30FB52032A3BC29F0064D7FD /* ContentView.swift */ = {isa = PBXFileReference; lastKnownFileType = sourcecode.swift; path = ContentView.swift; sourceTree = "<group>"; };
		30FB52052A3BC2A00064D7FD /* Assets.xcassets */ = {isa = PBXFileReference; lastKnownFileType = folder.assetcatalog; path = Assets.xcassets; sourceTree = "<group>"; };
		30FB52082A3BC2A00064D7FD /* Preview Assets.xcassets */ = {isa = PBXFileReference; lastKnownFileType = folder.assetcatalog; path = "Preview Assets.xcassets"; sourceTree = "<group>"; };
		30FB520E2A3BC2A00064D7FD /* BikeMapTests.xctest */ = {isa = PBXFileReference; explicitFileType = wrapper.cfbundle; includeInIndex = 0; path = BikeMapTests.xctest; sourceTree = BUILT_PRODUCTS_DIR; };
		30FB52122A3BC2A00064D7FD /* BikeMapTests.swift */ = {isa = PBXFileReference; lastKnownFileType = sourcecode.swift; path = BikeMapTests.swift; sourceTree = "<group>"; };
		30FB52182A3BC2A00064D7FD /* BikeMapUITests.xctest */ = {isa = PBXFileReference; explicitFileType = wrapper.cfbundle; includeInIndex = 0; path = BikeMapUITests.xctest; sourceTree = BUILT_PRODUCTS_DIR; };
		30FB521C2A3BC2A00064D7FD /* BikeMapUITests.swift */ = {isa = PBXFileReference; lastKnownFileType = sourcecode.swift; path = BikeMapUITests.swift; sourceTree = "<group>"; };
		30FB521E2A3BC2A00064D7FD /* BikeMapUITestsLaunchTests.swift */ = {isa = PBXFileReference; lastKnownFileType = sourcecode.swift; path = BikeMapUITestsLaunchTests.swift; sourceTree = "<group>"; };
/* End PBXFileReference section */

/* Begin PBXFrameworksBuildPhase section */
		30FB51FB2A3BC29F0064D7FD /* Frameworks */ = {
			isa = PBXFrameworksBuildPhase;
			buildActionMask = 2147483647;
			files = (
			);
			runOnlyForDeploymentPostprocessing = 0;
		};
		30FB520B2A3BC2A00064D7FD /* Frameworks */ = {
			isa = PBXFrameworksBuildPhase;
			buildActionMask = 2147483647;
			files = (
			);
			runOnlyForDeploymentPostprocessing = 0;
		};
		30FB52152A3BC2A00064D7FD /* Frameworks */ = {
			isa = PBXFrameworksBuildPhase;
			buildActionMask = 2147483647;
			files = (
			);
			runOnlyForDeploymentPostprocessing = 0;
		};
/* End PBXFrameworksBuildPhase section */

/* Begin PBXGroup section */
		30FB51F52A3BC29F0064D7FD = {
			isa = PBXGroup;
			children = (
				30FB52002A3BC29F0064D7FD /* BikeMap */,
				30FB52112A3BC2A00064D7FD /* BikeMapTests */,
				30FB521B2A3BC2A00064D7FD /* BikeMapUITests */,
				30FB51FF2A3BC29F0064D7FD /* Products */,
			);
			sourceTree = "<group>";
		};
		30FB51FF2A3BC29F0064D7FD /* Products */ = {
			isa = PBXGroup;
			children = (
				30FB51FE2A3BC29F0064D7FD /* BikeMap.app */,
				30FB520E2A3BC2A00064D7FD /* BikeMapTests.xctest */,
				30FB52182A3BC2A00064D7FD /* BikeMapUITests.xctest */,
			);
			name = Products;
			sourceTree = "<group>";
		};
		30FB52002A3BC29F0064D7FD /* BikeMap */ = {
			isa = PBXGroup;
			children = (
				30FB52012A3BC29F0064D7FD /* BikeMapApp.swift */,
				30FB52032A3BC29F0064D7FD /* ContentView.swift */,
				30FB52052A3BC2A00064D7FD /* Assets.xcassets */,
				30FB52072A3BC2A00064D7FD /* Preview Content */,
			);
			path = BikeMap;
			sourceTree = "<group>";
		};
		30FB52072A3BC2A00064D7FD /* Preview Content */ = {
			isa = PBXGroup;
			children = (
				30FB52082A3BC2A00064D7FD /* Preview Assets.xcassets */,
			);
			path = "Preview Content";
			sourceTree = "<group>";
		};
		30FB52112A3BC2A00064D7FD /* BikeMapTests */ = {
			isa = PBXGroup;
			children = (
				30FB52122A3BC2A00064D7FD /* BikeMapTests.swift */,
			);
			path = BikeMapTests;
			sourceTree = "<group>";
		};
		30FB521B2A3BC2A00064D7FD /* BikeMapUITests */ = {
			isa = PBXGroup;
			children = (
				30FB521C2A3BC2A00064D7FD /* BikeMapUITests.swift */,
				30FB521E2A3BC2A00064D7FD /* BikeMapUITestsLaunchTests.swift */,
			);
			path = BikeMapUITests;
			sourceTree = "<group>";
		};
/* End PBXGroup section */

/* Begin PBXNativeTarget section */
		30FB51FD2A3BC29F0064D7FD /* BikeMap */ = {
			isa = PBXNativeTarget;
			buildConfigurationList = 30FB52222A3BC2A00064D7FD /* Build configuration list for PBXNativeTarget "BikeMap" */;
			buildPhases = (
				30FB51FA2A3BC29F0064D7FD /* Sources */,
				30FB51FB2A3BC29F0064D7FD /* Frameworks */,
				30FB51FC2A3BC29F0064D7FD /* Resources */,
			);
			buildRules = (
			);
			dependencies = (
			);
			name = BikeMap;
			productName = BikeMap;
			productReference = 30FB51FE2A3BC29F0064D7FD /* BikeMap.app */;
			productType = "com.apple.product-type.application";
		};
		30FB520D2A3BC2A00064D7FD /* BikeMapTests */ = {
			isa = PBXNativeTarget;
			buildConfigurationList = 30FB52252A3BC2A00064D7FD /* Build configuration list for PBXNativeTarget "BikeMapTests" */;
			buildPhases = (
				30FB520A2A3BC2A00064D7FD /* Sources */,
				30FB520B2A3BC2A00064D7FD /* Frameworks */,
				30FB520C2A3BC2A00064D7FD /* Resources */,
			);
			buildRules = (
			);
			dependencies = (
				30FB52102A3BC2A00064D7FD /* PBXTargetDependency */,
			);
			name = BikeMapTests;
			productName = BikeMapTests;
			productReference = 30FB520E2A3BC2A00064D7FD /* BikeMapTests.xctest */;
			productType = "com.apple.product-type.bundle.unit-test";
		};
		30FB52172A3BC2A00064D7FD /* BikeMapUITests */ = {
			isa = PBXNativeTarget;
			buildConfigurationList = 30FB52282A3BC2A00064D7FD /* Build configuration list for PBXNativeTarget "BikeMapUITests" */;
			buildPhases = (
				30FB52142A3BC2A00064D7FD /* Sources */,
				30FB52152A3BC2A00064D7FD /* Frameworks */,
				30FB52162A3BC2A00064D7FD /* Resources */,
			);
			buildRules = (
			);
			dependencies = (
				30FB521A2A3BC2A00064D7FD /* PBXTargetDependency */,
			);
			name = BikeMapUITests;
			productName = BikeMapUITests;
			productReference = 30FB52182A3BC2A00064D7FD /* BikeMapUITests.xctest */;
			productType = "com.apple.product-type.bundle.ui-testing";
		};
/* End PBXNativeTarget section */

/* Begin PBXProject section */
		30FB51F62A3BC29F0064D7FD /* Project object */ = {
			isa = PBXProject;
			attributes = {
				BuildIndependentTargetsInParallel = 1;
				LastSwiftUpdateCheck = 1430;
				LastUpgradeCheck = 1430;
				TargetAttributes = {
					30FB51FD2A3BC29F0064D7FD = {
						CreatedOnToolsVersion = 14.3;
					};
					30FB520D2A3BC2A00064D7FD = {
						CreatedOnToolsVersion = 14.3;
						TestTargetID = 30FB51FD2A3BC29F0064D7FD;
					};
					30FB52172A3BC2A00064D7FD = {
						CreatedOnToolsVersion = 14.3;
						TestTargetID = 30FB51FD2A3BC29F0064D7FD;
					};
				};
			};
			buildConfigurationList = 30FB51F92A3BC29F0064D7FD /* Build configuration list for PBXProject "BikeMap" */;
			compatibilityVersion = "Xcode 14.0";
			developmentRegion = en;
			hasScannedForEncodings = 0;
			knownRegions = (
				en,
				Base,
			);
			mainGroup = 30FB51F52A3BC29F0064D7FD;
			productRefGroup = 30FB51FF2A3BC29F0064D7FD /* Products */;
			projectDirPath = "";
			projectRoot = "";
			targets = (
				30FB51FD2A3BC29F0064D7FD /* BikeMap */,
				30FB520D2A3BC2A00064D7FD /* BikeMapTests */,
				30FB52172A3BC2A00064D7FD /* BikeMapUITests */,
			);
		};
/* End PBXProject section */

/* Begin PBXResourcesBuildPhase section */
		30FB51FC2A3BC29F0064D7FD /* Resources */ = {
			isa = PBXResourcesBuildPhase;
			buildActionMask = 2147483647;
			files = (
				30FB52092A3BC2A00064D7FD /* Preview Assets.xcassets in Resources */,
				30FB52062A3BC2A00064D7FD /* Assets.xcassets in Resources */,
			);
			runOnlyForDeploymentPostprocessing = 0;
		};
		30FB520C2A3BC2A00064D7FD /* Resources */ = {
			isa = PBXResourcesBuildPhase;
			buildActionMask = 2147483647;
			files = (
			);
			runOnlyForDeploymentPostprocessing = 0;
		};
		30FB52162A3BC2A00064D7FD /* Resources */ = {
			isa = PBXResourcesBuildPhase;
			buildActionMask = 2147483647;
			files = (
			);
			runOnlyForDeploymentPostprocessing = 0;
		};
/* End PBXResourcesBuildPhase section */

/* Begin PBXSourcesBuildPhase section */
		30FB51FA2A3BC29F0064D7FD /* Sources */ = {
			isa = PBXSourcesBuildPhase;
			buildActionMask = 2147483647;
			files = (
				30FB52042A3BC29F0064D7FD /* ContentView.swift in Sources */,
				30FB52022A3BC29F0064D7FD /* BikeMapApp.swift in Sources */,
			);
			runOnlyForDeploymentPostprocessing = 0;
		};
		30FB520A2A3BC2A00064D7FD /* Sources */ = {
			isa = PBXSourcesBuildPhase;
			buildActionMask = 2147483647;
			files = (
				30FB52132A3BC2A00064D7FD /* BikeMapTests.swift in Sources */,
			);
			runOnlyForDeploymentPostprocessing = 0;
		};
		30FB52142A3BC2A00064D7FD /* Sources */ = {
			isa = PBXSourcesBuildPhase;
			buildActionMask = 2147483647;
			files = (
				30FB521F2A3BC2A00064D7FD /* BikeMapUITestsLaunchTests.swift in Sources */,
				30FB521D2A3BC2A00064D7FD /* BikeMapUITests.swift in Sources */,
			);
			runOnlyForDeploymentPostprocessing = 0;
		};
/* End PBXSourcesBuildPhase section */

/* Begin PBXTargetDependency section */
		30FB52102A3BC2A00064D7FD /* PBXTargetDependency */ = {
			isa = PBXTargetDependency;
			target = 30FB51FD2A3BC29F0064D7FD /* BikeMap */;
			targetProxy = 30FB520F2A3BC2A00064D7FD /* PBXContainerItemProxy */;
		};
		30FB521A2A3BC2A00064D7FD /* PBXTargetDependency */ = {
			isa = PBXTargetDependency;
			target = 30FB51FD2A3BC29F0064D7FD /* BikeMap */;
			targetProxy = 30FB52192A3BC2A00064D7FD /* PBXContainerItemProxy */;
		};
/* End PBXTargetDependency section */

/* Begin XCBuildConfiguration section */
		30FB52202A3BC2A00064D7FD /* Debug */ = {
			isa = XCBuildConfiguration;
			buildSettings = {
				ALWAYS_SEARCH_USER_PATHS = NO;
				CLANG_ANALYZER_NONNULL = YES;
				CLANG_ANALYZER_NUMBER_OBJECT_CONVERSION = YES_AGGRESSIVE;
				CLANG_CXX_LANGUAGE_STANDARD = "gnu++20";
				CLANG_ENABLE_MODULES = YES;
				CLANG_ENABLE_OBJC_ARC = YES;
				CLANG_ENABLE_OBJC_WEAK = YES;
				CLANG_WARN_BLOCK_CAPTURE_AUTORELEASING = YES;
				CLANG_WARN_BOOL_CONVERSION = YES;
				CLANG_WARN_COMMA = YES;
				CLANG_WARN_CONSTANT_CONVERSION = YES;
				CLANG_WARN_DEPRECATED_OBJC_IMPLEMENTATIONS = YES;
				CLANG_WARN_DIRECT_OBJC_ISA_USAGE = YES_ERROR;
				CLANG_WARN_DOCUMENTATION_COMMENTS = YES;
				CLANG_WARN_EMPTY_BODY = YES;
				CLANG_WARN_ENUM_CONVERSION = YES;
				CLANG_WARN_INFINITE_RECURSION = YES;
				CLANG_WARN_INT_CONVERSION = YES;
				CLANG_WARN_NON_LITERAL_NULL_CONVERSION = YES;
				CLANG_WARN_OBJC_IMPLICIT_RETAIN_SELF = YES;
				CLANG_WARN_OBJC_LITERAL_CONVERSION = YES;
				CLANG_WARN_OBJC_ROOT_CLASS = YES_ERROR;
				CLANG_WARN_QUOTED_INCLUDE_IN_FRAMEWORK_HEADER = YES;
				CLANG_WARN_RANGE_LOOP_ANALYSIS = YES;
				CLANG_WARN_STRICT_PROTOTYPES = YES;
				CLANG_WARN_SUSPICIOUS_MOVE = YES;
				CLANG_WARN_UNGUARDED_AVAILABILITY = YES_AGGRESSIVE;
				CLANG_WARN_UNREACHABLE_CODE = YES;
				CLANG_WARN__DUPLICATE_METHOD_MATCH = YES;
				COPY_PHASE_STRIP = NO;
				DEBUG_INFORMATION_FORMAT = dwarf;
				ENABLE_STRICT_OBJC_MSGSEND = YES;
				ENABLE_TESTABILITY = YES;
				GCC_C_LANGUAGE_STANDARD = gnu11;
				GCC_DYNAMIC_NO_PIC = NO;
				GCC_NO_COMMON_BLOCKS = YES;
				GCC_OPTIMIZATION_LEVEL = 0;
				GCC_PREPROCESSOR_DEFINITIONS = (
					"DEBUG=1",
					"$(inherited)",
				);
				GCC_WARN_64_TO_32_BIT_CONVERSION = YES;
				GCC_WARN_ABOUT_RETURN_TYPE = YES_ERROR;
				GCC_WARN_UNDECLARED_SELECTOR = YES;
				GCC_WARN_UNINITIALIZED_AUTOS = YES_AGGRESSIVE;
				GCC_WARN_UNUSED_FUNCTION = YES;
				GCC_WARN_UNUSED_VARIABLE = YES;
				IPHONEOS_DEPLOYMENT_TARGET = 16.4;
				MTL_ENABLE_DEBUG_INFO = INCLUDE_SOURCE;
				MTL_FAST_MATH = YES;
				ONLY_ACTIVE_ARCH = YES;
				SDKROOT = iphoneos;
				SWIFT_ACTIVE_COMPILATION_CONDITIONS = DEBUG;
				SWIFT_OPTIMIZATION_LEVEL = "-Onone";
			};
			name = Debug;
		};
		30FB52212A3BC2A00064D7FD /* Release */ = {
			isa = XCBuildConfiguration;
			buildSettings = {
				ALWAYS_SEARCH_USER_PATHS = NO;
				CLANG_ANALYZER_NONNULL = YES;
				CLANG_ANALYZER_NUMBER_OBJECT_CONVERSION = YES_AGGRESSIVE;
				CLANG_CXX_LANGUAGE_STANDARD = "gnu++20";
				CLANG_ENABLE_MODULES = YES;
				CLANG_ENABLE_OBJC_ARC = YES;
				CLANG_ENABLE_OBJC_WEAK = YES;
				CLANG_WARN_BLOCK_CAPTURE_AUTORELEASING = YES;
				CLANG_WARN_BOOL_CONVERSION = YES;
				CLANG_WARN_COMMA = YES;
				CLANG_WARN_CONSTANT_CONVERSION = YES;
				CLANG_WARN_DEPRECATED_OBJC_IMPLEMENTATIONS = YES;
				CLANG_WARN_DIRECT_OBJC_ISA_USAGE = YES_ERROR;
				CLANG_WARN_DOCUMENTATION_COMMENTS = YES;
				CLANG_WARN_EMPTY_BODY = YES;
				CLANG_WARN_ENUM_CONVERSION = YES;
				CLANG_WARN_INFINITE_RECURSION = YES;
				CLANG_WARN_INT_CONVERSION = YES;
				CLANG_WARN_NON_LITERAL_NULL_CONVERSION = YES;
				CLANG_WARN_OBJC_IMPLICIT_RETAIN_SELF = YES;
				CLANG_WARN_OBJC_LITERAL_CONVERSION = YES;
				CLANG_WARN_OBJC_ROOT_CLASS = YES_ERROR;
				CLANG_WARN_QUOTED_INCLUDE_IN_FRAMEWORK_HEADER = YES;
				CLANG_WARN_RANGE_LOOP_ANALYSIS = YES;
				CLANG_WARN_STRICT_PROTOTYPES = YES;
				CLANG_WARN_SUSPICIOUS_MOVE = YES;
				CLANG_WARN_UNGUARDED_AVAILABILITY = YES_AGGRESSIVE;
				CLANG_WARN_UNREACHABLE_CODE = YES;
				CLANG_WARN__DUPLICATE_METHOD_MATCH = YES;
				COPY_PHASE_STRIP = NO;
				DEBUG_INFORMATION_FORMAT = "dwarf-with-dsym";
				ENABLE_NS_ASSERTIONS = NO;
				ENABLE_STRICT_OBJC_MSGSEND = YES;
				GCC_C_LANGUAGE_STANDARD = gnu11;
				GCC_NO_COMMON_BLOCKS = YES;
				GCC_WARN_64_TO_32_BIT_CONVERSION = YES;
				GCC_WARN_ABOUT_RETURN_TYPE = YES_ERROR;
				GCC_WARN_UNDECLARED_SELECTOR = YES;
				GCC_WARN_UNINITIALIZED_AUTOS = YES_AGGRESSIVE;
				GCC_WARN_UNUSED_FUNCTION = YES;
				GCC_WARN_UNUSED_VARIABLE = YES;
				IPHONEOS_DEPLOYMENT_TARGET = 16.4;
				MTL_ENABLE_DEBUG_INFO = NO;
				MTL_FAST_MATH = YES;
				SDKROOT = iphoneos;
				SWIFT_COMPILATION_MODE = wholemodule;
				SWIFT_OPTIMIZATION_LEVEL = "-O";
				VALIDATE_PRODUCT = YES;
			};
			name = Release;
		};
		30FB52232A3BC2A00064D7FD /* Debug */ = {
			isa = XCBuildConfiguration;
			buildSettings = {
				ASSETCATALOG_COMPILER_APPICON_NAME = AppIcon;
				ASSETCATALOG_COMPILER_GLOBAL_ACCENT_COLOR_NAME = AccentColor;
				CODE_SIGN_STYLE = Automatic;
				CURRENT_PROJECT_VERSION = 1;
				DEVELOPMENT_ASSET_PATHS = "\"BikeMap/Preview Content\"";
				DEVELOPMENT_TEAM = 7GX9WC4VQY;
				ENABLE_PREVIEWS = YES;
				GENERATE_INFOPLIST_FILE = YES;
				INFOPLIST_KEY_UIApplicationSceneManifest_Generation = YES;
				INFOPLIST_KEY_UIApplicationSupportsIndirectInputEvents = YES;
				INFOPLIST_KEY_UILaunchScreen_Generation = YES;
				INFOPLIST_KEY_UISupportedInterfaceOrientations_iPad = "UIInterfaceOrientationPortrait UIInterfaceOrientationPortraitUpsideDown UIInterfaceOrientationLandscapeLeft UIInterfaceOrientationLandscapeRight";
				INFOPLIST_KEY_UISupportedInterfaceOrientations_iPhone = "UIInterfaceOrientationPortrait UIInterfaceOrientationLandscapeLeft UIInterfaceOrientationLandscapeRight";
				LD_RUNPATH_SEARCH_PATHS = (
					"$(inherited)",
					"@executable_path/Frameworks",
				);
				MARKETING_VERSION = 1.0;
				PRODUCT_BUNDLE_IDENTIFIER = com.kode.zone.BikeMap;
				PRODUCT_NAME = "$(TARGET_NAME)";
				SWIFT_EMIT_LOC_STRINGS = YES;
				SWIFT_VERSION = 5.0;
				TARGETED_DEVICE_FAMILY = "1,2";
			};
			name = Debug;
		};
		30FB52242A3BC2A00064D7FD /* Release */ = {
			isa = XCBuildConfiguration;
			buildSettings = {
				ASSETCATALOG_COMPILER_APPICON_NAME = AppIcon;
				ASSETCATALOG_COMPILER_GLOBAL_ACCENT_COLOR_NAME = AccentColor;
				CODE_SIGN_STYLE = Automatic;
				CURRENT_PROJECT_VERSION = 1;
				DEVELOPMENT_ASSET_PATHS = "\"BikeMap/Preview Content\"";
				DEVELOPMENT_TEAM = 7GX9WC4VQY;
				ENABLE_PREVIEWS = YES;
				GENERATE_INFOPLIST_FILE = YES;
				INFOPLIST_KEY_UIApplicationSceneManifest_Generation = YES;
				INFOPLIST_KEY_UIApplicationSupportsIndirectInputEvents = YES;
				INFOPLIST_KEY_UILaunchScreen_Generation = YES;
				INFOPLIST_KEY_UISupportedInterfaceOrientations_iPad = "UIInterfaceOrientationPortrait UIInterfaceOrientationPortraitUpsideDown UIInterfaceOrientationLandscapeLeft UIInterfaceOrientationLandscapeRight";
				INFOPLIST_KEY_UISupportedInterfaceOrientations_iPhone = "UIInterfaceOrientationPortrait UIInterfaceOrientationLandscapeLeft UIInterfaceOrientationLandscapeRight";
				LD_RUNPATH_SEARCH_PATHS = (
					"$(inherited)",
					"@executable_path/Frameworks",
				);
				MARKETING_VERSION = 1.0;
				PRODUCT_BUNDLE_IDENTIFIER = com.kode.zone.BikeMap;
				PRODUCT_NAME = "$(TARGET_NAME)";
				SWIFT_EMIT_LOC_STRINGS = YES;
				SWIFT_VERSION = 5.0;
				TARGETED_DEVICE_FAMILY = "1,2";
			};
			name = Release;
		};
		30FB52262A3BC2A00064D7FD /* Debug */ = {
			isa = XCBuildConfiguration;
			buildSettings = {
				ALWAYS_EMBED_SWIFT_STANDARD_LIBRARIES = YES;
				BUNDLE_LOADER = "$(TEST_HOST)";
				CODE_SIGN_STYLE = Automatic;
				CURRENT_PROJECT_VERSION = 1;
				DEVELOPMENT_TEAM = 7GX9WC4VQY;
				GENERATE_INFOPLIST_FILE = YES;
				IPHONEOS_DEPLOYMENT_TARGET = 16.4;
				MARKETING_VERSION = 1.0;
				PRODUCT_BUNDLE_IDENTIFIER = com.kode.zone.BikeMapTests;
				PRODUCT_NAME = "$(TARGET_NAME)";
				SWIFT_EMIT_LOC_STRINGS = NO;
				SWIFT_VERSION = 5.0;
				TARGETED_DEVICE_FAMILY = "1,2";
				TEST_HOST = "$(BUILT_PRODUCTS_DIR)/BikeMap.app/$(BUNDLE_EXECUTABLE_FOLDER_PATH)/BikeMap";
			};
			name = Debug;
		};
		30FB52272A3BC2A00064D7FD /* Release */ = {
			isa = XCBuildConfiguration;
			buildSettings = {
				ALWAYS_EMBED_SWIFT_STANDARD_LIBRARIES = YES;
				BUNDLE_LOADER = "$(TEST_HOST)";
				CODE_SIGN_STYLE = Automatic;
				CURRENT_PROJECT_VERSION = 1;
				DEVELOPMENT_TEAM = 7GX9WC4VQY;
				GENERATE_INFOPLIST_FILE = YES;
				IPHONEOS_DEPLOYMENT_TARGET = 16.4;
				MARKETING_VERSION = 1.0;
				PRODUCT_BUNDLE_IDENTIFIER = com.kode.zone.BikeMapTests;
				PRODUCT_NAME = "$(TARGET_NAME)";
				SWIFT_EMIT_LOC_STRINGS = NO;
				SWIFT_VERSION = 5.0;
				TARGETED_DEVICE_FAMILY = "1,2";
				TEST_HOST = "$(BUILT_PRODUCTS_DIR)/BikeMap.app/$(BUNDLE_EXECUTABLE_FOLDER_PATH)/BikeMap";
			};
			name = Release;
		};
		30FB52292A3BC2A00064D7FD /* Debug */ = {
			isa = XCBuildConfiguration;
			buildSettings = {
				ALWAYS_EMBED_SWIFT_STANDARD_LIBRARIES = YES;
				CODE_SIGN_STYLE = Automatic;
				CURRENT_PROJECT_VERSION = 1;
				DEVELOPMENT_TEAM = 7GX9WC4VQY;
				GENERATE_INFOPLIST_FILE = YES;
				MARKETING_VERSION = 1.0;
				PRODUCT_BUNDLE_IDENTIFIER = com.kode.zone.BikeMapUITests;
				PRODUCT_NAME = "$(TARGET_NAME)";
				SWIFT_EMIT_LOC_STRINGS = NO;
				SWIFT_VERSION = 5.0;
				TARGETED_DEVICE_FAMILY = "1,2";
				TEST_TARGET_NAME = BikeMap;
			};
			name = Debug;
		};
		30FB522A2A3BC2A00064D7FD /* Release */ = {
			isa = XCBuildConfiguration;
			buildSettings = {
				ALWAYS_EMBED_SWIFT_STANDARD_LIBRARIES = YES;
				CODE_SIGN_STYLE = Automatic;
				CURRENT_PROJECT_VERSION = 1;
				DEVELOPMENT_TEAM = 7GX9WC4VQY;
				GENERATE_INFOPLIST_FILE = YES;
				MARKETING_VERSION = 1.0;
				PRODUCT_BUNDLE_IDENTIFIER = com.kode.zone.BikeMapUITests;
				PRODUCT_NAME = "$(TARGET_NAME)";
				SWIFT_EMIT_LOC_STRINGS = NO;
				SWIFT_VERSION = 5.0;
				TARGETED_DEVICE_FAMILY = "1,2";
				TEST_TARGET_NAME = BikeMap;
			};
			name = Release;
		};
/* End XCBuildConfiguration section */

/* Begin XCConfigurationList section */
		30FB51F92A3BC29F0064D7FD /* Build configuration list for PBXProject "BikeMap" */ = {
			isa = XCConfigurationList;
			buildConfigurations = (
				30FB52202A3BC2A00064D7FD /* Debug */,
				30FB52212A3BC2A00064D7FD /* Release */,
			);
			defaultConfigurationIsVisible = 0;
			defaultConfigurationName = Release;
		};
		30FB52222A3BC2A00064D7FD /* Build configuration list for PBXNativeTarget "BikeMap" */ = {
			isa = XCConfigurationList;
			buildConfigurations = (
				30FB52232A3BC2A00064D7FD /* Debug */,
				30FB52242A3BC2A00064D7FD /* Release */,
			);
			defaultConfigurationIsVisible = 0;
			defaultConfigurationName = Release;
		};
		30FB52252A3BC2A00064D7FD /* Build configuration list for PBXNativeTarget "BikeMapTests" */ = {
			isa = XCConfigurationList;
			buildConfigurations = (
				30FB52262A3BC2A00064D7FD /* Debug */,
				30FB52272A3BC2A00064D7FD /* Release */,
			);
			defaultConfigurationIsVisible = 0;
			defaultConfigurationName = Release;
		};
		30FB52282A3BC2A00064D7FD /* Build configuration list for PBXNativeTarget "BikeMapUITests" */ = {
			isa = XCConfigurationList;
			buildConfigurations = (
				30FB52292A3BC2A00064D7FD /* Debug */,
				30FB522A2A3BC2A00064D7FD /* Release */,
			);
			defaultConfigurationIsVisible = 0;
			defaultConfigurationName = Release;
		};
/* End XCConfigurationList section */
	};
	rootObject = 30FB51F62A3BC29F0064D7FD /* Project object */;
}
